
Microsoft Visual Studio Solution File, Format Version 12.00
# Visual Studio Version 17
VisualStudioVersion = 17.10.35027.167
MinimumVisualStudioVersion = 10.0.40219.1
Project("{FAE04EC0-301F-11D3-BF4B-00C04F79EFBC}") = "First Class Practice", "First Class Practice\First Class Practice.csproj", "{5075B60A-F6D2-4203-A894-A45B435A337C}"
EndProject
Global
	GlobalSection(SolutionConfigurationPlatforms) = preSolution
		Debug|Any CPU = Debug|Any CPU
		Release|Any CPU = Release|Any CPU
	EndGlobalSection
	GlobalSection(ProjectConfigurationPlatforms) = postSolution
		{5075B60A-F6D2-4203-A894-A45B435A337C}.Debug|Any CPU.ActiveCfg = Debug|Any CPU
		{5075B60A-F6D2-4203-A894-A45B435A337C}.Debug|Any CPU.Build.0 = Debug|Any CPU
		{5075B60A-F6D2-4203-A894-A45B435A337C}.Release|Any CPU.ActiveCfg = Release|Any CPU
		{5075B60A-F6D2-4203-A894-A45B435A337C}.Release|Any CPU.Build.0 = Release|Any CPU
	EndGlobalSection
	GlobalSection(SolutionProperties) = preSolution
		HideSolutionNode = FALSE
	EndGlobalSection
	GlobalSection(ExtensibilityGlobals) = postSolution
		SolutionGuid = {71B4C835-75F4-48DF-AF63-CFD4652B7DD9}
	EndGlobalSection
EndGlobal
